
Microsoft Visual Studio Solution File, Format Version 12.00
# Visual Studio Version 17
VisualStudioVersion = 17.1.32210.238
MinimumVisualStudioVersion = 10.0.40219.1
Project("{FAE04EC0-301F-11D3-BF4B-00C04F79EFBC}") = "TokoBaju", "TokoBaju.csproj", "{6876F7DF-5BB8-47B9-AC85-66F19484F64D}"
EndProject
Global
	GlobalSection(SolutionConfigurationPlatforms) = preSolution
		Debug|Any CPU = Debug|Any CPU
		Release|Any CPU = Release|Any CPU
	EndGlobalSection
	GlobalSection(ProjectConfigurationPlatforms) = postSolution
		{6876F7DF-5BB8-47B9-AC85-66F19484F64D}.Debug|Any CPU.ActiveCfg = Debug|Any CPU
		{6876F7DF-5BB8-47B9-AC85-66F19484F64D}.Debug|Any CPU.Build.0 = Debug|Any CPU
		{6876F7DF-5BB8-47B9-AC85-66F19484F64D}.Release|Any CPU.ActiveCfg = Release|Any CPU
		{6876F7DF-5BB8-47B9-AC85-66F19484F64D}.Release|Any CPU.Build.0 = Release|Any CPU
	EndGlobalSection
	GlobalSection(SolutionProperties) = preSolution
		HideSolutionNode = FALSE
	EndGlobalSection
	GlobalSection(ExtensibilityGlobals) = postSolution
		SolutionGuid = {6F43437D-F971-477E-8DF3-37566C449FD5}
	EndGlobalSection
EndGlobal
